{
  "name": "eqemupatcher",
  "version": "1.0.0",
  "lockfileVersion": 3,
  "requires": true,
  "packages": {
    "": {
      "name": "eqemupatcher",
      "version": "1.0.0",
      "license": "ISC",
      "dependencies": {
        "xxhash-wasm": "^1.0.2"
      }
    },
    "node_modules/xxhash-wasm": {
      "version": "1.0.2",
      "resolved": "https://registry.npmjs.org/xxhash-wasm/-/xxhash-wasm-1.0.2.tgz",
      "integrity": "sha512-ibF0Or+FivM9lNrg+HGJfVX8WJqgo+kCLDc4vx6xMeTce7Aj+DLttKbxxRR/gNLSAelRc1omAPlJ77N/Jem07A=="
    }
  }
}
