github.com/dblohm7/wingoes v0.0.0-20230426155039-111c8c3b57c8 h1:vtIE3GO4hKplR58aTRx3yLPqAbfWyoyYrE8PXUv0Prw=
github.com/dblohm7/wingoes v0.0.0-20230426155039-111c8c3b57c8/go.mod h1:6NCrWM5jRefaG7iN0iMShPalLsljHWBh9v1zxM2f8Xs=
github.com/xackery/wlk v0.0.14 h1:8gp3VbIyiYda/vbZQh5wR9LXREgjt793C6X06XxqAzE=
github.com/xackery/wlk v0.0.14/go.mod h1:58n9OF5s7ofqarkCvRtdSJlGGDbCq+5V1Z1pUIWUx04=
golang.org/x/exp v0.0.0-20230425010034-47ecfdc1ba53 h1:5llv2sWeaMSnA3w2kS57ouQQ4pudlXrR0dCgw51QK9o=
golang.org/x/exp v0.0.0-20230425010034-47ecfdc1ba53/go.mod h1:V1LtkGg67GoY2N1AnLN78QLrzxkLyJw7RJb1gzOOz9w=
golang.org/x/sys v0.8.0 h1:EBmGv8NaZBZTWvrbjNoL6HVt+IVy3QDQpJs7VRIw3tU=
golang.org/x/sys v0.8.0/go.mod h1:oPkhp1MJrh7nUepCBck5+mAzfO9JrbApNNgaTdGDITg=
gopkg.in/Knetic/govaluate.v3 v3.0.0 h1:18mUyIt4ZlRlFZAAfVetz4/rzlJs9yhN+U02F4u1AOc=
gopkg.in/Knetic/govaluate.v3 v3.0.0/go.mod h1:csKLBORsPbafmSCGTEh3U7Ozmsuq8ZSIlKk1bcqph0E=
